
Microsoft Visual Studio Solution File, Format Version 12.00
# Visual Studio Version 17
VisualStudioVersion = 17.8.34511.84
MinimumVisualStudioVersion = 10.0.40219.1
Project("{FAE04EC0-301F-11D3-BF4B-00C04F79EFBC}") = "be-artwork-sharing-platform", "be-artwork-sharing-platform\be-artwork-sharing-platform.csproj", "{1CD9564A-D323-47F5-883D-8464D8864E3A}"
EndProject
Global
	GlobalSection(SolutionConfigurationPlatforms) = preSolution
		Debug|Any CPU = Debug|Any CPU
		Release|Any CPU = Release|Any CPU
	EndGlobalSection
	GlobalSection(ProjectConfigurationPlatforms) = postSolution
		{1CD9564A-D323-47F5-883D-8464D8864E3A}.Debug|Any CPU.ActiveCfg = Debug|Any CPU
		{1CD9564A-D323-47F5-883D-8464D8864E3A}.Debug|Any CPU.Build.0 = Debug|Any CPU
		{1CD9564A-D323-47F5-883D-8464D8864E3A}.Release|Any CPU.ActiveCfg = Release|Any CPU
		{1CD9564A-D323-47F5-883D-8464D8864E3A}.Release|Any CPU.Build.0 = Release|Any CPU
	EndGlobalSection
	GlobalSection(SolutionProperties) = preSolution
		HideSolutionNode = FALSE
	EndGlobalSection
	GlobalSection(ExtensibilityGlobals) = postSolution
		SolutionGuid = {42471F7C-23CD-4A31-B66A-D495C0451DBF}
	EndGlobalSection
EndGlobal
